
Microsoft Visual Studio Solution File, Format Version 12.00
# Visual Studio Version 17
VisualStudioVersion = 17.5.002.0
MinimumVisualStudioVersion = 10.0.40219.1
Project("{9A19103F-16F7-4668-BE54-9A1E7A4F7556}") = "Adressebok", "Adressebok.csproj", "{8125C1BB-01B4-4205-9599-BB68E84D5295}"
EndProject
Global
	GlobalSection(SolutionConfigurationPlatforms) = preSolution
		Debug|Any CPU = Debug|Any CPU
		Release|Any CPU = Release|Any CPU
	EndGlobalSection
	GlobalSection(ProjectConfigurationPlatforms) = postSolution
		{8125C1BB-01B4-4205-9599-BB68E84D5295}.Debug|Any CPU.ActiveCfg = Debug|Any CPU
		{8125C1BB-01B4-4205-9599-BB68E84D5295}.Debug|Any CPU.Build.0 = Debug|Any CPU
		{8125C1BB-01B4-4205-9599-BB68E84D5295}.Release|Any CPU.ActiveCfg = Release|Any CPU
		{8125C1BB-01B4-4205-9599-BB68E84D5295}.Release|Any CPU.Build.0 = Release|Any CPU
	EndGlobalSection
	GlobalSection(SolutionProperties) = preSolution
		HideSolutionNode = FALSE
	EndGlobalSection
	GlobalSection(ExtensibilityGlobals) = postSolution
		SolutionGuid = {E67E8225-1D40-41BD-B8FC-33A9DEF8C390}
	EndGlobalSection
EndGlobal
